// !$*UTF8*$!
{
	archiveVersion = 1;
	classes = {
	};
	objectVersion = 77;
	objects = {

/* Begin PBXBuildFile section */
		392A3A452E57A54000B9A9D1 /* ComposableCoreLocation in Frameworks */ = {isa = PBXBuildFile; productRef = 392A3A442E57A54000B9A9D1 /* ComposableCoreLocation */; };
		39B5C3562E57195800CC2BB9 /* ComposableArchitecture in Frameworks */ = {isa = PBXBuildFile; productRef = 39B5C3552E57195800CC2BB9 /* ComposableArchitecture */; };
		39B5C3582E57198000CC2BB9 /* README.md in Resources */ = {isa = PBXBuildFile; fileRef = 39B5C3572E57198000CC2BB9 /* README.md */; };
		39DA8F0D2E57C2CB0057E9FA /* SharingGRDB in Frameworks */ = {isa = PBXBuildFile; productRef = 39DA8F0C2E57C2CB0057E9FA /* SharingGRDB */; };
/* End PBXBuildFile section */

/* Begin PBXContainerItemProxy section */
		39B5C3362E570D4400CC2BB9 /* PBXContainerItemProxy */ = {
			isa = PBXContainerItemProxy;
			containerPortal = 39B5C31E2E570D3A00CC2BB9 /* Project object */;
			proxyType = 1;
			remoteGlobalIDString = 39B5C3252E570D3A00CC2BB9;
			remoteInfo = Donner;
		};
/* End PBXContainerItemProxy section */

/* Begin PBXFileReference section */
		39B5C3262E570D3A00CC2BB9 /* Donner.app */ = {isa = PBXFileReference; explicitFileType = wrapper.application; includeInIndex = 0; path = Donner.app; sourceTree = BUILT_PRODUCTS_DIR; };
		39B5C3352E570D4400CC2BB9 /* DonnerTests.xctest */ = {isa = PBXFileReference; explicitFileType = wrapper.cfbundle; includeInIndex = 0; path = DonnerTests.xctest; sourceTree = BUILT_PRODUCTS_DIR; };
		39B5C3572E57198000CC2BB9 /* README.md */ = {isa = PBXFileReference; lastKnownFileType = net.daringfireball.markdown; path = README.md; sourceTree = "<group>"; };
/* End PBXFileReference section */

/* Begin PBXFileSystemSynchronizedRootGroup section */
		39B5C3282E570D3A00CC2BB9 /* Donner */ = {
			isa = PBXFileSystemSynchronizedRootGroup;
			path = Donner;
			sourceTree = "<group>";
		};
		39B5C3382E570D4400CC2BB9 /* DonnerTests */ = {
			isa = PBXFileSystemSynchronizedRootGroup;
			path = DonnerTests;
			sourceTree = "<group>";
		};
/* End PBXFileSystemSynchronizedRootGroup section */

/* Begin PBXFrameworksBuildPhase section */
		39B5C3232E570D3A00CC2BB9 /* Frameworks */ = {
			isa = PBXFrameworksBuildPhase;
			buildActionMask = 2147483647;
			files = (
				39B5C3562E57195800CC2BB9 /* ComposableArchitecture in Frameworks */,
				39DA8F0D2E57C2CB0057E9FA /* SharingGRDB in Frameworks */,
				392A3A452E57A54000B9A9D1 /* ComposableCoreLocation in Frameworks */,
			);
			runOnlyForDeploymentPostprocessing = 0;
		};
		39B5C3322E570D4400CC2BB9 /* Frameworks */ = {
			isa = PBXFrameworksBuildPhase;
			buildActionMask = 2147483647;
			files = (
			);
			runOnlyForDeploymentPostprocessing = 0;
		};
/* End PBXFrameworksBuildPhase section */

/* Begin PBXGroup section */
		39B5C31D2E570D3A00CC2BB9 = {
			isa = PBXGroup;
			children = (
				39B5C3572E57198000CC2BB9 /* README.md */,
				39B5C3282E570D3A00CC2BB9 /* Donner */,
				39B5C3382E570D4400CC2BB9 /* DonnerTests */,
				39B5C3272E570D3A00CC2BB9 /* Products */,
			);
			sourceTree = "<group>";
		};
		39B5C3272E570D3A00CC2BB9 /* Products */ = {
			isa = PBXGroup;
			children = (
				39B5C3262E570D3A00CC2BB9 /* Donner.app */,
				39B5C3352E570D4400CC2BB9 /* DonnerTests.xctest */,
			);
			name = Products;
			sourceTree = "<group>";
		};
/* End PBXGroup section */

/* Begin PBXNativeTarget section */
		39B5C3252E570D3A00CC2BB9 /* Donner */ = {
			isa = PBXNativeTarget;
			buildConfigurationList = 39B5C3492E570D4500CC2BB9 /* Build configuration list for PBXNativeTarget "Donner" */;
			buildPhases = (
				39B5C3222E570D3A00CC2BB9 /* Sources */,
				39B5C3232E570D3A00CC2BB9 /* Frameworks */,
				39B5C3242E570D3A00CC2BB9 /* Resources */,
			);
			buildRules = (
			);
			dependencies = (
			);
			fileSystemSynchronizedGroups = (
				39B5C3282E570D3A00CC2BB9 /* Donner */,
			);
			name = Donner;
			packageProductDependencies = (
				39B5C3552E57195800CC2BB9 /* ComposableArchitecture */,
				392A3A442E57A54000B9A9D1 /* ComposableCoreLocation */,
				39DA8F0C2E57C2CB0057E9FA /* SharingGRDB */,
			);
			productName = Donner;
			productReference = 39B5C3262E570D3A00CC2BB9 /* Donner.app */;
			productType = "com.apple.product-type.application";
		};
		39B5C3342E570D4400CC2BB9 /* DonnerTests */ = {
			isa = PBXNativeTarget;
			buildConfigurationList = 39B5C34C2E570D4500CC2BB9 /* Build configuration list for PBXNativeTarget "DonnerTests" */;
			buildPhases = (
				39B5C3312E570D4400CC2BB9 /* Sources */,
				39B5C3322E570D4400CC2BB9 /* Frameworks */,
				39B5C3332E570D4400CC2BB9 /* Resources */,
			);
			buildRules = (
			);
			dependencies = (
				39B5C3372E570D4400CC2BB9 /* PBXTargetDependency */,
			);
			fileSystemSynchronizedGroups = (
				39B5C3382E570D4400CC2BB9 /* DonnerTests */,
			);
			name = DonnerTests;
			packageProductDependencies = (
			);
			productName = DonnerTests;
			productReference = 39B5C3352E570D4400CC2BB9 /* DonnerTests.xctest */;
			productType = "com.apple.product-type.bundle.unit-test";
		};
/* End PBXNativeTarget section */

/* Begin PBXProject section */
		39B5C31E2E570D3A00CC2BB9 /* Project object */ = {
			isa = PBXProject;
			attributes = {
				BuildIndependentTargetsInParallel = 1;
				LastSwiftUpdateCheck = 1640;
				LastUpgradeCheck = 1640;
				TargetAttributes = {
					39B5C3252E570D3A00CC2BB9 = {
						CreatedOnToolsVersion = 16.4;
					};
					39B5C3342E570D4400CC2BB9 = {
						CreatedOnToolsVersion = 16.4;
						TestTargetID = 39B5C3252E570D3A00CC2BB9;
					};
				};
			};
			buildConfigurationList = 39B5C3212E570D3A00CC2BB9 /* Build configuration list for PBXProject "Donner" */;
			developmentRegion = en;
			hasScannedForEncodings = 0;
			knownRegions = (
				en,
				Base,
			);
			mainGroup = 39B5C31D2E570D3A00CC2BB9;
			minimizedProjectReferenceProxies = 1;
			packageReferences = (
				39B5C3542E57195800CC2BB9 /* XCRemoteSwiftPackageReference "swift-composable-architecture" */,
				392A3A432E57A54000B9A9D1 /* XCRemoteSwiftPackageReference "composable-core-location" */,
				39DA8F0B2E57C2CB0057E9FA /* XCRemoteSwiftPackageReference "sharing-grdb" */,
			);
			preferredProjectObjectVersion = 77;
			productRefGroup = 39B5C3272E570D3A00CC2BB9 /* Products */;
			projectDirPath = "";
			projectRoot = "";
			targets = (
				39B5C3252E570D3A00CC2BB9 /* Donner */,
				39B5C3342E570D4400CC2BB9 /* DonnerTests */,
			);
		};
/* End PBXProject section */

/* Begin PBXResourcesBuildPhase section */
		39B5C3242E570D3A00CC2BB9 /* Resources */ = {
			isa = PBXResourcesBuildPhase;
			buildActionMask = 2147483647;
			files = (
				39B5C3582E57198000CC2BB9 /* README.md in Resources */,
			);
			runOnlyForDeploymentPostprocessing = 0;
		};
		39B5C3332E570D4400CC2BB9 /* Resources */ = {
			isa = PBXResourcesBuildPhase;
			buildActionMask = 2147483647;
			files = (
			);
			runOnlyForDeploymentPostprocessing = 0;
		};
/* End PBXResourcesBuildPhase section */

/* Begin PBXSourcesBuildPhase section */
		39B5C3222E570D3A00CC2BB9 /* Sources */ = {
			isa = PBXSourcesBuildPhase;
			buildActionMask = 2147483647;
			files = (
			);
			runOnlyForDeploymentPostprocessing = 0;
		};
		39B5C3312E570D4400CC2BB9 /* Sources */ = {
			isa = PBXSourcesBuildPhase;
			buildActionMask = 2147483647;
			files = (
			);
			runOnlyForDeploymentPostprocessing = 0;
		};
/* End PBXSourcesBuildPhase section */

/* Begin PBXTargetDependency section */
		39B5C3372E570D4400CC2BB9 /* PBXTargetDependency */ = {
			isa = PBXTargetDependency;
			target = 39B5C3252E570D3A00CC2BB9 /* Donner */;
			targetProxy = 39B5C3362E570D4400CC2BB9 /* PBXContainerItemProxy */;
		};
/* End PBXTargetDependency section */

/* Begin XCBuildConfiguration section */
		39B5C3472E570D4500CC2BB9 /* Debug */ = {
			isa = XCBuildConfiguration;
			buildSettings = {
				ALWAYS_SEARCH_USER_PATHS = NO;
				ASSETCATALOG_COMPILER_GENERATE_SWIFT_ASSET_SYMBOL_EXTENSIONS = YES;
				CLANG_ANALYZER_NONNULL = YES;
				CLANG_ANALYZER_NUMBER_OBJECT_CONVERSION = YES_AGGRESSIVE;
				CLANG_CXX_LANGUAGE_STANDARD = "gnu++20";
				CLANG_ENABLE_MODULES = YES;
				CLANG_ENABLE_OBJC_ARC = YES;
				CLANG_ENABLE_OBJC_WEAK = YES;
				CLANG_WARN_BLOCK_CAPTURE_AUTORELEASING = YES;
				CLANG_WARN_BOOL_CONVERSION = YES;
				CLANG_WARN_COMMA = YES;
				CLANG_WARN_CONSTANT_CONVERSION = YES;
				CLANG_WARN_DEPRECATED_OBJC_IMPLEMENTATIONS = YES;
				CLANG_WARN_DIRECT_OBJC_ISA_USAGE = YES_ERROR;
				CLANG_WARN_DOCUMENTATION_COMMENTS = YES;
				CLANG_WARN_EMPTY_BODY = YES;
				CLANG_WARN_ENUM_CONVERSION = YES;
				CLANG_WARN_INFINITE_RECURSION = YES;
				CLANG_WARN_INT_CONVERSION = YES;
				CLANG_WARN_NON_LITERAL_NULL_CONVERSION = YES;
				CLANG_WARN_OBJC_IMPLICIT_RETAIN_SELF = YES;
				CLANG_WARN_OBJC_LITERAL_CONVERSION = YES;
				CLANG_WARN_OBJC_ROOT_CLASS = YES_ERROR;
				CLANG_WARN_QUOTED_INCLUDE_IN_FRAMEWORK_HEADER = YES;
				CLANG_WARN_RANGE_LOOP_ANALYSIS = YES;
				CLANG_WARN_STRICT_PROTOTYPES = YES;
				CLANG_WARN_SUSPICIOUS_MOVE = YES;
				CLANG_WARN_UNGUARDED_AVAILABILITY = YES_AGGRESSIVE;
				CLANG_WARN_UNREACHABLE_CODE = YES;
				CLANG_WARN__DUPLICATE_METHOD_MATCH = YES;
				COPY_PHASE_STRIP = NO;
				DEBUG_INFORMATION_FORMAT = dwarf;
				DEVELOPMENT_TEAM = HU85FER47E;
				ENABLE_STRICT_OBJC_MSGSEND = YES;
				ENABLE_TESTABILITY = YES;
				ENABLE_USER_SCRIPT_SANDBOXING = YES;
				GCC_C_LANGUAGE_STANDARD = gnu17;
				GCC_DYNAMIC_NO_PIC = NO;
				GCC_NO_COMMON_BLOCKS = YES;
				GCC_OPTIMIZATION_LEVEL = 0;
				GCC_PREPROCESSOR_DEFINITIONS = (
					"DEBUG=1",
					"$(inherited)",
				);
				GCC_WARN_64_TO_32_BIT_CONVERSION = YES;
				GCC_WARN_ABOUT_RETURN_TYPE = YES_ERROR;
				GCC_WARN_UNDECLARED_SELECTOR = YES;
				GCC_WARN_UNINITIALIZED_AUTOS = YES_AGGRESSIVE;
				GCC_WARN_UNUSED_FUNCTION = YES;
				GCC_WARN_UNUSED_VARIABLE = YES;
				IPHONEOS_DEPLOYMENT_TARGET = 18.5;
				LOCALIZATION_PREFERS_STRING_CATALOGS = YES;
				MTL_ENABLE_DEBUG_INFO = INCLUDE_SOURCE;
				MTL_FAST_MATH = YES;
				ONLY_ACTIVE_ARCH = YES;
				SDKROOT = iphoneos;
				SWIFT_ACTIVE_COMPILATION_CONDITIONS = "DEBUG $(inherited)";
				SWIFT_OPTIMIZATION_LEVEL = "-Onone";
			};
			name = Debug;
		};
		39B5C3482E570D4500CC2BB9 /* Release */ = {
			isa = XCBuildConfiguration;
			buildSettings = {
				ALWAYS_SEARCH_USER_PATHS = NO;
				ASSETCATALOG_COMPILER_GENERATE_SWIFT_ASSET_SYMBOL_EXTENSIONS = YES;
				CLANG_ANALYZER_NONNULL = YES;
				CLANG_ANALYZER_NUMBER_OBJECT_CONVERSION = YES_AGGRESSIVE;
				CLANG_CXX_LANGUAGE_STANDARD = "gnu++20";
				CLANG_ENABLE_MODULES = YES;
				CLANG_ENABLE_OBJC_ARC = YES;
				CLANG_ENABLE_OBJC_WEAK = YES;
				CLANG_WARN_BLOCK_CAPTURE_AUTORELEASING = YES;
				CLANG_WARN_BOOL_CONVERSION = YES;
				CLANG_WARN_COMMA = YES;
				CLANG_WARN_CONSTANT_CONVERSION = YES;
				CLANG_WARN_DEPRECATED_OBJC_IMPLEMENTATIONS = YES;
				CLANG_WARN_DIRECT_OBJC_ISA_USAGE = YES_ERROR;
				CLANG_WARN_DOCUMENTATION_COMMENTS = YES;
				CLANG_WARN_EMPTY_BODY = YES;
				CLANG_WARN_ENUM_CONVERSION = YES;
				CLANG_WARN_INFINITE_RECURSION = YES;
				CLANG_WARN_INT_CONVERSION = YES;
				CLANG_WARN_NON_LITERAL_NULL_CONVERSION = YES;
				CLANG_WARN_OBJC_IMPLICIT_RETAIN_SELF = YES;
				CLANG_WARN_OBJC_LITERAL_CONVERSION = YES;
				CLANG_WARN_OBJC_ROOT_CLASS = YES_ERROR;
				CLANG_WARN_QUOTED_INCLUDE_IN_FRAMEWORK_HEADER = YES;
				CLANG_WARN_RANGE_LOOP_ANALYSIS = YES;
				CLANG_WARN_STRICT_PROTOTYPES = YES;
				CLANG_WARN_SUSPICIOUS_MOVE = YES;
				CLANG_WARN_UNGUARDED_AVAILABILITY = YES_AGGRESSIVE;
				CLANG_WARN_UNREACHABLE_CODE = YES;
				CLANG_WARN__DUPLICATE_METHOD_MATCH = YES;
				COPY_PHASE_STRIP = NO;
				DEBUG_INFORMATION_FORMAT = "dwarf-with-dsym";
				DEVELOPMENT_TEAM = HU85FER47E;
				ENABLE_NS_ASSERTIONS = NO;
				ENABLE_STRICT_OBJC_MSGSEND = YES;
				ENABLE_USER_SCRIPT_SANDBOXING = YES;
				GCC_C_LANGUAGE_STANDARD = gnu17;
				GCC_NO_COMMON_BLOCKS = YES;
				GCC_WARN_64_TO_32_BIT_CONVERSION = YES;
				GCC_WARN_ABOUT_RETURN_TYPE = YES_ERROR;
				GCC_WARN_UNDECLARED_SELECTOR = YES;
				GCC_WARN_UNINITIALIZED_AUTOS = YES_AGGRESSIVE;
				GCC_WARN_UNUSED_FUNCTION = YES;
				GCC_WARN_UNUSED_VARIABLE = YES;
				IPHONEOS_DEPLOYMENT_TARGET = 18.5;
				LOCALIZATION_PREFERS_STRING_CATALOGS = YES;
				MTL_ENABLE_DEBUG_INFO = NO;
				MTL_FAST_MATH = YES;
				SDKROOT = iphoneos;
				SWIFT_COMPILATION_MODE = wholemodule;
				VALIDATE_PRODUCT = YES;
			};
			name = Release;
		};
		39B5C34A2E570D4500CC2BB9 /* Debug */ = {
			isa = XCBuildConfiguration;
			buildSettings = {
				ASSETCATALOG_COMPILER_APPICON_NAME = AppIcon;
				ASSETCATALOG_COMPILER_GLOBAL_ACCENT_COLOR_NAME = AccentColor;
				CODE_SIGN_STYLE = Automatic;
				CURRENT_PROJECT_VERSION = 1;
				DEVELOPMENT_TEAM = HU85FER47E;
				ENABLE_PREVIEWS = YES;
				GENERATE_INFOPLIST_FILE = YES;
				INFOPLIST_KEY_LSApplicationCategoryType = "public.app-category.weather";
				INFOPLIST_KEY_NSLocationWhenInUseUsageDescription = "Donner needs your location to estimate where lightning strikes occurred based on the direction you point your device.";
				INFOPLIST_KEY_UIApplicationSceneManifest_Generation = YES;
				INFOPLIST_KEY_UIApplicationSupportsIndirectInputEvents = YES;
				INFOPLIST_KEY_UILaunchScreen_Generation = YES;
				INFOPLIST_KEY_UISupportedInterfaceOrientations = UIInterfaceOrientationPortrait;
				INFOPLIST_KEY_UISupportedInterfaceOrientations_iPad = "UIInterfaceOrientationLandscapeLeft UIInterfaceOrientationLandscapeRight UIInterfaceOrientationPortrait UIInterfaceOrientationPortraitUpsideDown";
				LD_RUNPATH_SEARCH_PATHS = (
					"$(inherited)",
					"@executable_path/Frameworks",
				);
				MARKETING_VERSION = 1.0;
				PRODUCT_BUNDLE_IDENTIFIER = io.kilian.Donner;
				PRODUCT_NAME = "$(TARGET_NAME)";
				SWIFT_EMIT_LOC_STRINGS = YES;
				SWIFT_VERSION = 5.0;
				TARGETED_DEVICE_FAMILY = "1,2";
			};
			name = Debug;
		};
		39B5C34B2E570D4500CC2BB9 /* Release */ = {
			isa = XCBuildConfiguration;
			buildSettings = {
				ASSETCATALOG_COMPILER_APPICON_NAME = AppIcon;
				ASSETCATALOG_COMPILER_GLOBAL_ACCENT_COLOR_NAME = AccentColor;
				CODE_SIGN_STYLE = Automatic;
				CURRENT_PROJECT_VERSION = 1;
				DEVELOPMENT_TEAM = HU85FER47E;
				ENABLE_PREVIEWS = YES;
				GENERATE_INFOPLIST_FILE = YES;
				INFOPLIST_KEY_LSApplicationCategoryType = "public.app-category.weather";
				INFOPLIST_KEY_NSLocationWhenInUseUsageDescription = "Donner needs your location to estimate where lightning strikes occurred based on the direction you point your device.";
				INFOPLIST_KEY_UIApplicationSceneManifest_Generation = YES;
				INFOPLIST_KEY_UIApplicationSupportsIndirectInputEvents = YES;
				INFOPLIST_KEY_UILaunchScreen_Generation = YES;
				INFOPLIST_KEY_UISupportedInterfaceOrientations = UIInterfaceOrientationPortrait;
				INFOPLIST_KEY_UISupportedInterfaceOrientations_iPad = "UIInterfaceOrientationLandscapeLeft UIInterfaceOrientationLandscapeRight UIInterfaceOrientationPortrait UIInterfaceOrientationPortraitUpsideDown";
				LD_RUNPATH_SEARCH_PATHS = (
					"$(inherited)",
					"@executable_path/Frameworks",
				);
				MARKETING_VERSION = 1.0;
				PRODUCT_BUNDLE_IDENTIFIER = io.kilian.Donner;
				PRODUCT_NAME = "$(TARGET_NAME)";
				SWIFT_EMIT_LOC_STRINGS = YES;
				SWIFT_VERSION = 5.0;
				TARGETED_DEVICE_FAMILY = "1,2";
			};
			name = Release;
		};
		39B5C34D2E570D4500CC2BB9 /* Debug */ = {
			isa = XCBuildConfiguration;
			buildSettings = {
				BUNDLE_LOADER = "$(TEST_HOST)";
				CODE_SIGN_STYLE = Automatic;
				CURRENT_PROJECT_VERSION = 1;
				DEVELOPMENT_TEAM = HU85FER47E;
				GENERATE_INFOPLIST_FILE = YES;
				IPHONEOS_DEPLOYMENT_TARGET = 18.5;
				MARKETING_VERSION = 1.0;
				PRODUCT_BUNDLE_IDENTIFIER = io.kilian.DonnerTests;
				PRODUCT_NAME = "$(TARGET_NAME)";
				SWIFT_EMIT_LOC_STRINGS = NO;
				SWIFT_VERSION = 5.0;
				TARGETED_DEVICE_FAMILY = "1,2";
				TEST_HOST = "$(BUILT_PRODUCTS_DIR)/Donner.app/$(BUNDLE_EXECUTABLE_FOLDER_PATH)/Donner";
			};
			name = Debug;
		};
		39B5C34E2E570D4500CC2BB9 /* Release */ = {
			isa = XCBuildConfiguration;
			buildSettings = {
				BUNDLE_LOADER = "$(TEST_HOST)";
				CODE_SIGN_STYLE = Automatic;
				CURRENT_PROJECT_VERSION = 1;
				DEVELOPMENT_TEAM = HU85FER47E;
				GENERATE_INFOPLIST_FILE = YES;
				IPHONEOS_DEPLOYMENT_TARGET = 18.5;
				MARKETING_VERSION = 1.0;
				PRODUCT_BUNDLE_IDENTIFIER = io.kilian.DonnerTests;
				PRODUCT_NAME = "$(TARGET_NAME)";
				SWIFT_EMIT_LOC_STRINGS = NO;
				SWIFT_VERSION = 5.0;
				TARGETED_DEVICE_FAMILY = "1,2";
				TEST_HOST = "$(BUILT_PRODUCTS_DIR)/Donner.app/$(BUNDLE_EXECUTABLE_FOLDER_PATH)/Donner";
			};
			name = Release;
		};
/* End XCBuildConfiguration section */

/* Begin XCConfigurationList section */
		39B5C3212E570D3A00CC2BB9 /* Build configuration list for PBXProject "Donner" */ = {
			isa = XCConfigurationList;
			buildConfigurations = (
				39B5C3472E570D4500CC2BB9 /* Debug */,
				39B5C3482E570D4500CC2BB9 /* Release */,
			);
			defaultConfigurationIsVisible = 0;
			defaultConfigurationName = Release;
		};
		39B5C3492E570D4500CC2BB9 /* Build configuration list for PBXNativeTarget "Donner" */ = {
			isa = XCConfigurationList;
			buildConfigurations = (
				39B5C34A2E570D4500CC2BB9 /* Debug */,
				39B5C34B2E570D4500CC2BB9 /* Release */,
			);
			defaultConfigurationIsVisible = 0;
			defaultConfigurationName = Release;
		};
		39B5C34C2E570D4500CC2BB9 /* Build configuration list for PBXNativeTarget "DonnerTests" */ = {
			isa = XCConfigurationList;
			buildConfigurations = (
				39B5C34D2E570D4500CC2BB9 /* Debug */,
				39B5C34E2E570D4500CC2BB9 /* Release */,
			);
			defaultConfigurationIsVisible = 0;
			defaultConfigurationName = Release;
		};
/* End XCConfigurationList section */

/* Begin XCRemoteSwiftPackageReference section */
		392A3A432E57A54000B9A9D1 /* XCRemoteSwiftPackageReference "composable-core-location" */ = {
			isa = XCRemoteSwiftPackageReference;
			repositoryURL = "https://github.com/mltbnz/composable-core-location";
			requirement = {
				branch = main;
				kind = branch;
			};
		};
		39B5C3542E57195800CC2BB9 /* XCRemoteSwiftPackageReference "swift-composable-architecture" */ = {
			isa = XCRemoteSwiftPackageReference;
			repositoryURL = "https://github.com/pointfreeco/swift-composable-architecture.git";
			requirement = {
				kind = upToNextMajorVersion;
				minimumVersion = 1.22.0;
			};
		};
		39DA8F0B2E57C2CB0057E9FA /* XCRemoteSwiftPackageReference "sharing-grdb" */ = {
			isa = XCRemoteSwiftPackageReference;
			repositoryURL = "https://github.com/pointfreeco/sharing-grdb";
			requirement = {
				kind = upToNextMajorVersion;
				minimumVersion = 0.6.0;
			};
		};
/* End XCRemoteSwiftPackageReference section */

/* Begin XCSwiftPackageProductDependency section */
		392A3A442E57A54000B9A9D1 /* ComposableCoreLocation */ = {
			isa = XCSwiftPackageProductDependency;
			package = 392A3A432E57A54000B9A9D1 /* XCRemoteSwiftPackageReference "composable-core-location" */;
			productName = ComposableCoreLocation;
		};
		39B5C3552E57195800CC2BB9 /* ComposableArchitecture */ = {
			isa = XCSwiftPackageProductDependency;
			package = 39B5C3542E57195800CC2BB9 /* XCRemoteSwiftPackageReference "swift-composable-architecture" */;
			productName = ComposableArchitecture;
		};
		39DA8F0C2E57C2CB0057E9FA /* SharingGRDB */ = {
			isa = XCSwiftPackageProductDependency;
			package = 39DA8F0B2E57C2CB0057E9FA /* XCRemoteSwiftPackageReference "sharing-grdb" */;
			productName = SharingGRDB;
		};
/* End XCSwiftPackageProductDependency section */
	};
	rootObject = 39B5C31E2E570D3A00CC2BB9 /* Project object */;
}
